
Microsoft Visual Studio Solution File, Format Version 12.00
# Visual Studio Version 17
VisualStudioVersion = 17.1.32421.90
MinimumVisualStudioVersion = 10.0.40219.1
Project("{9A19103F-16F7-4668-BE54-9A1E7A4F7556}") = "AddressBook.Core", "AddressBook.Core\AddressBook.Core.csproj", "{850262A5-FC78-4D91-A04F-B1BA047225F2}"
EndProject
Project("{9A19103F-16F7-4668-BE54-9A1E7A4F7556}") = "AddressBook.Repository", "AddressBook.Repository\AddressBook.Repository.csproj", "{0A4E9CAD-3C5F-4D37-A893-D94288270AFB}"
EndProject
Project("{9A19103F-16F7-4668-BE54-9A1E7A4F7556}") = "AddressBook.Service", "AddressBook.Service\AddressBook.Service.csproj", "{747B1E84-5272-4C61-A0F9-1582839FDBD2}"
EndProject
Project("{9A19103F-16F7-4668-BE54-9A1E7A4F7556}") = "AddressBook.API", "AddressBook.API\AddressBook.API.csproj", "{A4197BB3-DD10-43F5-9AB7-2B6E01C95128}"
EndProject
Global
	GlobalSection(SolutionConfigurationPlatforms) = preSolution
		Debug|Any CPU = Debug|Any CPU
		Release|Any CPU = Release|Any CPU
	EndGlobalSection
	GlobalSection(ProjectConfigurationPlatforms) = postSolution
		{850262A5-FC78-4D91-A04F-B1BA047225F2}.Debug|Any CPU.ActiveCfg = Debug|Any CPU
		{850262A5-FC78-4D91-A04F-B1BA047225F2}.Debug|Any CPU.Build.0 = Debug|Any CPU
		{850262A5-FC78-4D91-A04F-B1BA047225F2}.Release|Any CPU.ActiveCfg = Release|Any CPU
		{850262A5-FC78-4D91-A04F-B1BA047225F2}.Release|Any CPU.Build.0 = Release|Any CPU
		{0A4E9CAD-3C5F-4D37-A893-D94288270AFB}.Debug|Any CPU.ActiveCfg = Debug|Any CPU
		{0A4E9CAD-3C5F-4D37-A893-D94288270AFB}.Debug|Any CPU.Build.0 = Debug|Any CPU
		{0A4E9CAD-3C5F-4D37-A893-D94288270AFB}.Release|Any CPU.ActiveCfg = Release|Any CPU
		{0A4E9CAD-3C5F-4D37-A893-D94288270AFB}.Release|Any CPU.Build.0 = Release|Any CPU
		{747B1E84-5272-4C61-A0F9-1582839FDBD2}.Debug|Any CPU.ActiveCfg = Debug|Any CPU
		{747B1E84-5272-4C61-A0F9-1582839FDBD2}.Debug|Any CPU.Build.0 = Debug|Any CPU
		{747B1E84-5272-4C61-A0F9-1582839FDBD2}.Release|Any CPU.ActiveCfg = Release|Any CPU
		{747B1E84-5272-4C61-A0F9-1582839FDBD2}.Release|Any CPU.Build.0 = Release|Any CPU
		{A4197BB3-DD10-43F5-9AB7-2B6E01C95128}.Debug|Any CPU.ActiveCfg = Debug|Any CPU
		{A4197BB3-DD10-43F5-9AB7-2B6E01C95128}.Debug|Any CPU.Build.0 = Debug|Any CPU
		{A4197BB3-DD10-43F5-9AB7-2B6E01C95128}.Release|Any CPU.ActiveCfg = Release|Any CPU
		{A4197BB3-DD10-43F5-9AB7-2B6E01C95128}.Release|Any CPU.Build.0 = Release|Any CPU
	EndGlobalSection
	GlobalSection(SolutionProperties) = preSolution
		HideSolutionNode = FALSE
	EndGlobalSection
	GlobalSection(ExtensibilityGlobals) = postSolution
		SolutionGuid = {5AFDFA94-CD83-401C-86EF-250A7FF301E8}
	EndGlobalSection
EndGlobal
